
Microsoft Visual Studio Solution File, Format Version 12.00
# Visual Studio Version 16
VisualStudioVersion = 16.0.30611.23
MinimumVisualStudioVersion = 10.0.40219.1
Project("{FAE04EC0-301F-11D3-BF4B-00C04F79EFBC}") = "seal", "seal\seal.csproj", "{0F61C1BF-8558-4091-B4AB-6CEF56BE7FB8}"
EndProject
Project("{FAE04EC0-301F-11D3-BF4B-00C04F79EFBC}") = "test", "test\test.csproj", "{7ED78DC7-DF68-4F48-BAD1-4FDDDEF20FA7}"
EndProject
Global
	GlobalSection(SolutionConfigurationPlatforms) = preSolution
		Debug|Any CPU = Debug|Any CPU
		Release|Any CPU = Release|Any CPU
	EndGlobalSection
	GlobalSection(ProjectConfigurationPlatforms) = postSolution
		{0F61C1BF-8558-4091-B4AB-6CEF56BE7FB8}.Debug|Any CPU.ActiveCfg = Debug|Any CPU
		{0F61C1BF-8558-4091-B4AB-6CEF56BE7FB8}.Debug|Any CPU.Build.0 = Debug|Any CPU
		{0F61C1BF-8558-4091-B4AB-6CEF56BE7FB8}.Release|Any CPU.ActiveCfg = Release|Any CPU
		{0F61C1BF-8558-4091-B4AB-6CEF56BE7FB8}.Release|Any CPU.Build.0 = Release|Any CPU
		{7ED78DC7-DF68-4F48-BAD1-4FDDDEF20FA7}.Debug|Any CPU.ActiveCfg = Debug|Any CPU
		{7ED78DC7-DF68-4F48-BAD1-4FDDDEF20FA7}.Debug|Any CPU.Build.0 = Debug|Any CPU
		{7ED78DC7-DF68-4F48-BAD1-4FDDDEF20FA7}.Release|Any CPU.ActiveCfg = Release|Any CPU
		{7ED78DC7-DF68-4F48-BAD1-4FDDDEF20FA7}.Release|Any CPU.Build.0 = Release|Any CPU
	EndGlobalSection
	GlobalSection(SolutionProperties) = preSolution
		HideSolutionNode = FALSE
	EndGlobalSection
	GlobalSection(ExtensibilityGlobals) = postSolution
		SolutionGuid = {28546A56-0FCA-4659-A291-74CB19B3FD3C}
	EndGlobalSection
EndGlobal
